
Microsoft Visual Studio Solution File, Format Version 12.00
# Visual Studio Version 16
VisualStudioVersion = 16.0.31410.357
MinimumVisualStudioVersion = 10.0.40219.1
Project("{9A19103F-16F7-4668-BE54-9A1E7A4F7556}") = "SRP", "src\SRP\SRP.csproj", "{3B5BE506-332A-41B4-B264-D2A00D3A4431}"
EndProject
Project("{9A19103F-16F7-4668-BE54-9A1E7A4F7556}") = "SRP_Violacao", "src\SRP_Violacao\SRP_Violacao.csproj", "{B8BE1032-2FA4-4183-913E-AAB0447ACF8B}"
EndProject
Project("{9A19103F-16F7-4668-BE54-9A1E7A4F7556}") = "OCP_ExtensionMethods", "src\OCP_ExtensionMethods\OCP_ExtensionMethods.csproj", "{94C6D9B2-90F4-4DD8-A5E9-692B5968027B}"
EndProject
Project("{9A19103F-16F7-4668-BE54-9A1E7A4F7556}") = "OCP", "src\OCP\OCP.csproj", "{7C339A68-4236-4529-B349-C76B810BEBF7}"
EndProject
Project("{9A19103F-16F7-4668-BE54-9A1E7A4F7556}") = "OCP_Violacao", "src\OCP_Violacao\OCP_Violacao.csproj", "{05EBE31A-E8BD-43EE-B329-3E056DA4A530}"
EndProject
Project("{2150E333-8FDC-42A3-9474-1A3956D46DE8}") = "LSP", "LSP", "{D0A3D42B-9BAB-435D-B29B-E31F7B48E04C}"
EndProject
Project("{9A19103F-16F7-4668-BE54-9A1E7A4F7556}") = "LSP_Ex1", "src\LSP_Ex1\LSP_Ex1.csproj", "{2FD3D833-DEB4-4A2B-A342-FEA3A3F1DB55}"
EndProject
Project("{9A19103F-16F7-4668-BE54-9A1E7A4F7556}") = "LSP_Ex2_Violacao", "src\LSP_Ex2_Violacao\LSP_Ex2_Violacao.csproj", "{86A0121E-E21B-4AC1-8546-D898B763736A}"
EndProject
Project("{9A19103F-16F7-4668-BE54-9A1E7A4F7556}") = "LSP_Ex2", "src\LSP_Ex2\LSP_Ex2.csproj", "{7ED03602-214C-47EE-A990-E62CF64B57DC}"
EndProject
Project("{9A19103F-16F7-4668-BE54-9A1E7A4F7556}") = "LSP_Ex3_Violacao", "src\LSP_Ex3_Violacao\LSP_Ex3_Violacao.csproj", "{F7B9579D-8512-4D0F-8C34-47414059DBBF}"
EndProject
Project("{9A19103F-16F7-4668-BE54-9A1E7A4F7556}") = "LSP_Ex3", "src\LSP_Ex3\LSP_Ex3.csproj", "{9607F372-5673-4D86-B546-26217C712528}"
EndProject
Project("{FAE04EC0-301F-11D3-BF4B-00C04F79EFBC}") = "ISP", "src\ISP\ISP.csproj", "{7E48F7F2-DC2C-40BB-B023-849460A3AE05}"
EndProject
Project("{FAE04EC0-301F-11D3-BF4B-00C04F79EFBC}") = "DIP", "src\DIP\DIP.csproj", "{83B0FC34-B743-4FBC-A54C-468FF5295599}"
EndProject
Project("{2150E333-8FDC-42A3-9474-1A3956D46DE8}") = "OCP", "OCP", "{8957FDD0-B81F-441E-8454-94FB6793AA89}"
EndProject
Project("{2150E333-8FDC-42A3-9474-1A3956D46DE8}") = "SRP", "SRP", "{7D37F9D2-5DEE-4C70-8475-F3B78DAAA16B}"
EndProject
Global
	GlobalSection(SolutionConfigurationPlatforms) = preSolution
		Debug|Any CPU = Debug|Any CPU
		Release|Any CPU = Release|Any CPU
	EndGlobalSection
	GlobalSection(ProjectConfigurationPlatforms) = postSolution
		{3B5BE506-332A-41B4-B264-D2A00D3A4431}.Debug|Any CPU.ActiveCfg = Debug|Any CPU
		{3B5BE506-332A-41B4-B264-D2A00D3A4431}.Debug|Any CPU.Build.0 = Debug|Any CPU
		{3B5BE506-332A-41B4-B264-D2A00D3A4431}.Release|Any CPU.ActiveCfg = Release|Any CPU
		{3B5BE506-332A-41B4-B264-D2A00D3A4431}.Release|Any CPU.Build.0 = Release|Any CPU
		{B8BE1032-2FA4-4183-913E-AAB0447ACF8B}.Debug|Any CPU.ActiveCfg = Debug|Any CPU
		{B8BE1032-2FA4-4183-913E-AAB0447ACF8B}.Debug|Any CPU.Build.0 = Debug|Any CPU
		{B8BE1032-2FA4-4183-913E-AAB0447ACF8B}.Release|Any CPU.ActiveCfg = Release|Any CPU
		{B8BE1032-2FA4-4183-913E-AAB0447ACF8B}.Release|Any CPU.Build.0 = Release|Any CPU
		{94C6D9B2-90F4-4DD8-A5E9-692B5968027B}.Debug|Any CPU.ActiveCfg = Debug|Any CPU
		{94C6D9B2-90F4-4DD8-A5E9-692B5968027B}.Debug|Any CPU.Build.0 = Debug|Any CPU
		{94C6D9B2-90F4-4DD8-A5E9-692B5968027B}.Release|Any CPU.ActiveCfg = Release|Any CPU
		{94C6D9B2-90F4-4DD8-A5E9-692B5968027B}.Release|Any CPU.Build.0 = Release|Any CPU
		{7C339A68-4236-4529-B349-C76B810BEBF7}.Debug|Any CPU.ActiveCfg = Debug|Any CPU
		{7C339A68-4236-4529-B349-C76B810BEBF7}.Debug|Any CPU.Build.0 = Debug|Any CPU
		{7C339A68-4236-4529-B349-C76B810BEBF7}.Release|Any CPU.ActiveCfg = Release|Any CPU
		{7C339A68-4236-4529-B349-C76B810BEBF7}.Release|Any CPU.Build.0 = Release|Any CPU
		{05EBE31A-E8BD-43EE-B329-3E056DA4A530}.Debug|Any CPU.ActiveCfg = Debug|Any CPU
		{05EBE31A-E8BD-43EE-B329-3E056DA4A530}.Debug|Any CPU.Build.0 = Debug|Any CPU
		{05EBE31A-E8BD-43EE-B329-3E056DA4A530}.Release|Any CPU.ActiveCfg = Release|Any CPU
		{05EBE31A-E8BD-43EE-B329-3E056DA4A530}.Release|Any CPU.Build.0 = Release|Any CPU
		{2FD3D833-DEB4-4A2B-A342-FEA3A3F1DB55}.Debug|Any CPU.ActiveCfg = Debug|Any CPU
		{2FD3D833-DEB4-4A2B-A342-FEA3A3F1DB55}.Debug|Any CPU.Build.0 = Debug|Any CPU
		{2FD3D833-DEB4-4A2B-A342-FEA3A3F1DB55}.Release|Any CPU.ActiveCfg = Release|Any CPU
		{2FD3D833-DEB4-4A2B-A342-FEA3A3F1DB55}.Release|Any CPU.Build.0 = Release|Any CPU
		{86A0121E-E21B-4AC1-8546-D898B763736A}.Debug|Any CPU.ActiveCfg = Debug|Any CPU
		{86A0121E-E21B-4AC1-8546-D898B763736A}.Debug|Any CPU.Build.0 = Debug|Any CPU
		{86A0121E-E21B-4AC1-8546-D898B763736A}.Release|Any CPU.ActiveCfg = Release|Any CPU
		{86A0121E-E21B-4AC1-8546-D898B763736A}.Release|Any CPU.Build.0 = Release|Any CPU
		{7ED03602-214C-47EE-A990-E62CF64B57DC}.Debug|Any CPU.ActiveCfg = Debug|Any CPU
		{7ED03602-214C-47EE-A990-E62CF64B57DC}.Debug|Any CPU.Build.0 = Debug|Any CPU
		{7ED03602-214C-47EE-A990-E62CF64B57DC}.Release|Any CPU.ActiveCfg = Release|Any CPU
		{7ED03602-214C-47EE-A990-E62CF64B57DC}.Release|Any CPU.Build.0 = Release|Any CPU
		{F7B9579D-8512-4D0F-8C34-47414059DBBF}.Debug|Any CPU.ActiveCfg = Debug|Any CPU
		{F7B9579D-8512-4D0F-8C34-47414059DBBF}.Debug|Any CPU.Build.0 = Debug|Any CPU
		{F7B9579D-8512-4D0F-8C34-47414059DBBF}.Release|Any CPU.ActiveCfg = Release|Any CPU
		{F7B9579D-8512-4D0F-8C34-47414059DBBF}.Release|Any CPU.Build.0 = Release|Any CPU
		{9607F372-5673-4D86-B546-26217C712528}.Debug|Any CPU.ActiveCfg = Debug|Any CPU
		{9607F372-5673-4D86-B546-26217C712528}.Debug|Any CPU.Build.0 = Debug|Any CPU
		{9607F372-5673-4D86-B546-26217C712528}.Release|Any CPU.ActiveCfg = Release|Any CPU
		{9607F372-5673-4D86-B546-26217C712528}.Release|Any CPU.Build.0 = Release|Any CPU
		{7E48F7F2-DC2C-40BB-B023-849460A3AE05}.Debug|Any CPU.ActiveCfg = Debug|Any CPU
		{7E48F7F2-DC2C-40BB-B023-849460A3AE05}.Debug|Any CPU.Build.0 = Debug|Any CPU
		{7E48F7F2-DC2C-40BB-B023-849460A3AE05}.Release|Any CPU.ActiveCfg = Release|Any CPU
		{7E48F7F2-DC2C-40BB-B023-849460A3AE05}.Release|Any CPU.Build.0 = Release|Any CPU
		{83B0FC34-B743-4FBC-A54C-468FF5295599}.Debug|Any CPU.ActiveCfg = Debug|Any CPU
		{83B0FC34-B743-4FBC-A54C-468FF5295599}.Debug|Any CPU.Build.0 = Debug|Any CPU
		{83B0FC34-B743-4FBC-A54C-468FF5295599}.Release|Any CPU.ActiveCfg = Release|Any CPU
		{83B0FC34-B743-4FBC-A54C-468FF5295599}.Release|Any CPU.Build.0 = Release|Any CPU
	EndGlobalSection
	GlobalSection(SolutionProperties) = preSolution
		HideSolutionNode = FALSE
	EndGlobalSection
	GlobalSection(NestedProjects) = preSolution
		{3B5BE506-332A-41B4-B264-D2A00D3A4431} = {7D37F9D2-5DEE-4C70-8475-F3B78DAAA16B}
		{B8BE1032-2FA4-4183-913E-AAB0447ACF8B} = {7D37F9D2-5DEE-4C70-8475-F3B78DAAA16B}
		{94C6D9B2-90F4-4DD8-A5E9-692B5968027B} = {8957FDD0-B81F-441E-8454-94FB6793AA89}
		{7C339A68-4236-4529-B349-C76B810BEBF7} = {8957FDD0-B81F-441E-8454-94FB6793AA89}
		{05EBE31A-E8BD-43EE-B329-3E056DA4A530} = {8957FDD0-B81F-441E-8454-94FB6793AA89}
		{2FD3D833-DEB4-4A2B-A342-FEA3A3F1DB55} = {D0A3D42B-9BAB-435D-B29B-E31F7B48E04C}
		{86A0121E-E21B-4AC1-8546-D898B763736A} = {D0A3D42B-9BAB-435D-B29B-E31F7B48E04C}
		{7ED03602-214C-47EE-A990-E62CF64B57DC} = {D0A3D42B-9BAB-435D-B29B-E31F7B48E04C}
		{F7B9579D-8512-4D0F-8C34-47414059DBBF} = {D0A3D42B-9BAB-435D-B29B-E31F7B48E04C}
		{9607F372-5673-4D86-B546-26217C712528} = {D0A3D42B-9BAB-435D-B29B-E31F7B48E04C}
	EndGlobalSection
	GlobalSection(ExtensibilityGlobals) = postSolution
		SolutionGuid = {BABF96EB-4E58-46E1-B5B8-4C080529E86F}
	EndGlobalSection
EndGlobal
